
Microsoft Visual Studio Solution File, Format Version 12.00
# Visual Studio Version 17
VisualStudioVersion = 17.14.36616.10 d17.14
MinimumVisualStudioVersion = 10.0.40219.1
Project("{FAE04EC0-301F-11D3-BF4B-00C04F79EFBC}") = "User", "User\User.csproj", "{1F036413-9F32-4131-8E8B-8BC203C0FACF}"
EndProject
Global
	GlobalSection(SolutionConfigurationPlatforms) = preSolution
		Debug|Any CPU = Debug|Any CPU
		Release|Any CPU = Release|Any CPU
	EndGlobalSection
	GlobalSection(ProjectConfigurationPlatforms) = postSolution
		{1F036413-9F32-4131-8E8B-8BC203C0FACF}.Debug|Any CPU.ActiveCfg = Debug|Any CPU
		{1F036413-9F32-4131-8E8B-8BC203C0FACF}.Debug|Any CPU.Build.0 = Debug|Any CPU
		{1F036413-9F32-4131-8E8B-8BC203C0FACF}.Release|Any CPU.ActiveCfg = Release|Any CPU
		{1F036413-9F32-4131-8E8B-8BC203C0FACF}.Release|Any CPU.Build.0 = Release|Any CPU
	EndGlobalSection
	GlobalSection(SolutionProperties) = preSolution
		HideSolutionNode = FALSE
	EndGlobalSection
	GlobalSection(ExtensibilityGlobals) = postSolution
		SolutionGuid = {F6E664F6-3A1E-49EE-9E98-ED5F7652C25D}
	EndGlobalSection
EndGlobal
